github.com/davecgh/go-spew v1.1.2-0.20180830191138-d8f796af33cc h1:U9qPSI2PIWSS1VwoXQT9A3Wy9MM3WgvqSxFWenqJduM=
github.com/davecgh/go-spew v1.1.2-0.20180830191138-d8f796af33cc/go.mod h1:J7Y8YcW2NihsgmVo/mv3lAwl/skON4iLHjSsI+c5H38=
github.com/google/uuid v1.6.0 h1:NIvaJDMOsjHA8n1jAhLSgzrAzy1Hgr+hNrb57e+94F0=
github.com/google/uuid v1.6.0/go.mod h1:TIyPZe4MgqvfeYDBFedMoGGpEw/LqOeaOT+nhxU+yHo=
github.com/joho/godotenv v1.5.1 h1:7eLL/+HRGLY0ldzfGMeQkb7vMd0as4CfYvUVzLqw0N0=
github.com/joho/godotenv v1.5.1/go.mod h1:f4LDr5Voq0i2e/R5DDNOoa2zzDfwtkZa6DnEwAbqwq4=
github.com/moov-io/ach v1.34.2 h1:/Nd90+CwSYgY+Yn9xYM+jpW7+2NUwwyJMA4Ep0ebGKs=
github.com/moov-io/ach v1.34.2/go.mod h1:pjJYDEiIKhCTSAy+pCfYecTrEgf0pY2AA3IoQ0TutGg=
github.com/moov-io/base v0.48.5 h1:QaTyTo6eFFFV35R9l/GdePQN40IJti9knD5hqdWPnnM=
github.com/moov-io/base v0.48.5/go.mod h1:D5ZV9COV/qtCjTQuYpq7gGInCk64AhOQI6UY4kt4Rq8=
github.com/moov-io/iso4217 v0.3.0 h1:xAxeJEn7QIpEy971eElEGiaLNdj81UwOcCcvE6j2ZAo=
github.com/moov-io/iso4217 v0.3.0/go.mod h1:/pF1mBInDSJtwyWkLNr8EMdIn1zIl2cyjaVi4Xhpd44=
github.com/moovfinancial/moov-go v0.1.0 h1:pI7i66GIdS9ctZuzzRtSUiXqpCJQSLA8Eh1VEKMVgL4=
github.com/moovfinancial/moov-go v0.1.0/go.mod h1:Lb+GlG7UcfJ7V2ZmA6cZYFbfVlzgnLv+pTt23P5adns=
github.com/pmezard/go-difflib v1.0.1-0.20181226105442-5d4384ee4fb2 h1:Jamvg5psRIccs7FGNTlIRMkT8wgtp5eCXdBlqhYGL6U=
github.com/pmezard/go-difflib v1.0.1-0.20181226105442-5d4384ee4fb2/go.mod h1:iKH77koFhYxTK1pcRnkKkqfTogsbg7gZNVY4sRDYZ/4=
github.com/rickar/cal/v2 v2.1.13 h1:FENBPXxDPyL1OWGf9ZdpWGcEiGoSjt0UZED8VOxvK0c=
github.com/rickar/cal/v2 v2.1.13/go.mod h1:/fdlMcx7GjPlIBibMzOM9gMvDBsrK+mOtRXdTzUqV/A=
github.com/stretchr/testify v1.9.0 h1:HtqpIVDClZ4nwg75+f6Lvsy/wHu+3BoSGCbBAcpTsTg=
github.com/stretchr/testify v1.9.0/go.mod h1:r2ic/lqez/lEtzL7wO/rwa5dbSLXVDPFyf8C91i36aY=
golang.org/x/net v0.20.0 h1:aCL9BSgETF1k+blQaYUBx9hJ9LOGP3gAVemcZlf1Kpo=
golang.org/x/net v0.20.0/go.mod h1:z8BVo6PvndSri0LbOE3hAn0apkU+1YvI6E70E9jsnvY=
golang.org/x/text v0.14.0 h1:ScX5w1eTa3QqT8oi6+ziP7dTV1S2+ALU0bI+0zXKWiQ=
golang.org/x/text v0.14.0/go.mod h1:18ZOQIKpY8NJVqYksKHtTdi31H5itFRjB5/qKTNYzSU=
gopkg.in/check.v1 v0.0.0-20161208181325-20d25e280405 h1:yhCVgyC4o1eVCa2tZl7eS0r+SDo693bJlVdllGtEeKM=
gopkg.in/check.v1 v0.0.0-20161208181325-20d25e280405/go.mod h1:Co6ibVJAznAaIkqp8huTwlJQCZ016jof/cbN4VW5Yz0=
gopkg.in/yaml.v3 v3.0.1 h1:fxVm/GzAzEWqLHuvctI91KS9hhNmmWOoWu0XTYJS7CA=
gopkg.in/yaml.v3 v3.0.1/go.mod h1:K4uyk7z7BCEPqu6E+C64Yfv1cQ7kz7rIZviUmN+EgEM=
