github.com/davecgh/go-spew v1.1.2-0.20180830191138-d8f796af33cc h1:U9qPSI2PIWSS1VwoXQT9A3Wy9MM3WgvqSxFWenqJduM=
github.com/davecgh/go-spew v1.1.2-0.20180830191138-d8f796af33cc/go.mod h1:J7Y8YcW2NihsgmVo/mv3lAwl/skON4iLHjSsI+c5H38=
github.com/go-faker/faker/v4 v4.7.0 h1:VboC02cXHl/NuQh5lM2W8b87yp4iFXIu59x4w0RZi4E=
github.com/go-faker/faker/v4 v4.7.0/go.mod h1:u1dIRP5neLB6kTzgyVjdBOV5R1uP7BdxkcWk7tiKQXk=
github.com/go-jose/go-jose/v4 v4.1.3 h1:CVLmWDhDVRa6Mi/IgCgaopNosCaHz7zrMeF9MlZRkrs=
github.com/go-jose/go-jose/v4 v4.1.3/go.mod h1:x4oUasVrzR7071A4TnHLGSPpNOm2a21K9Kf04k1rs08=
github.com/go-jose/go-jose/v4 v4.1.4 h1:moDMcTHmvE6Groj34emNPLs/qtYXRVcd6S7NHbHz3kA=
github.com/go-jose/go-jose/v4 v4.1.4/go.mod h1:x4oUasVrzR7071A4TnHLGSPpNOm2a21K9Kf04k1rs08=
github.com/google/uuid v1.6.0 h1:NIvaJDMOsjHA8n1jAhLSgzrAzy1Hgr+hNrb57e+94F0=
github.com/google/uuid v1.6.0/go.mod h1:TIyPZe4MgqvfeYDBFedMoGGpEw/LqOeaOT+nhxU+yHo=
github.com/igrmk/treemap/v2 v2.0.1 h1:Jhy4z3yhATvYZMWCmxsnHO5NnNZBdueSzvxh6353l+0=
github.com/igrmk/treemap/v2 v2.0.1/go.mod h1:PkTPvx+8OHS8/41jnnyVY+oVsfkaOUZGcr+sfonosd4=
github.com/joho/godotenv v1.5.1 h1:7eLL/+HRGLY0ldzfGMeQkb7vMd0as4CfYvUVzLqw0N0=
github.com/joho/godotenv v1.5.1/go.mod h1:f4LDr5Voq0i2e/R5DDNOoa2zzDfwtkZa6DnEwAbqwq4=
github.com/moov-io/ach v1.55.3 h1:Bq+eKOT44iRS7h925N5dnl+VCRmnRyu164iJrsLI91Y=
github.com/moov-io/ach v1.55.3/go.mod h1:Vr/+AF3iY+BKUjn6buknLGX+QjwLTTpu+ZLSlOgTuTQ=
github.com/moov-io/ach v1.55.4 h1:UkesdyO7HAQNuy1ZS0t2Sy84uuuOU6sQwxnb6VMcKIU=
github.com/moov-io/ach v1.55.4/go.mod h1:eX+9NFlDuHN/l4abHfrkb8phTj3ZRyTOHWV70kFr82c=
github.com/moov-io/ach v1.56.3 h1:tGaCrh9PPAPJwYUdAFB2oi8Y87OTZbCNaMfsWzOWyaA=
github.com/moov-io/ach v1.56.3/go.mod h1:eX+9NFlDuHN/l4abHfrkb8phTj3ZRyTOHWV70kFr82c=
github.com/moov-io/ach v1.61.2 h1:2eMFC7SgBvLbAenlpZ+mcfj9/HW7x3/Hb+25wBOjmSo=
github.com/moov-io/ach v1.61.2/go.mod h1:Rrloef6U+t7xTPHLrxlwHRlOcO8tTmlAzbot6kL26nk=
github.com/moov-io/ach v1.61.3 h1:nao68CYEHvzPlAqtNJE1Y2N8mFtiSrJ4+dBBUCEexms=
github.com/moov-io/ach v1.61.3/go.mod h1:Rrloef6U+t7xTPHLrxlwHRlOcO8tTmlAzbot6kL26nk=
github.com/moov-io/ach v1.61.4 h1:IWfLgnj3aBbJKYepGRMAnjD2SHqIJvUbh0yer8NWrAM=
github.com/moov-io/ach v1.61.4/go.mod h1:MIox5hFPwlg4LjYfh3zvytfxIYxD6bx7ezJ3DCC4Vts=
github.com/moov-io/ach v1.62.0 h1:ckw3N62Q9T+rL7i9T/sW1L7Fo3S6sjkvpkZwZXejLHA=
github.com/moov-io/ach v1.62.0/go.mod h1:fbBs59oI10tUBtbJLuPcrcdHMa+CK64/KYaRl5ntQYw=
github.com/moov-io/ach v1.62.1 h1:tosnQJKKK36D6TLEiy5Cb9KDoPOFGmea/FXtXT+7dyo=
github.com/moov-io/ach v1.62.1/go.mod h1:lgC1hB/vpeVESfLh1onXFhZrQNMdlwgLVabblpnWtAs=
github.com/moov-io/ach v1.63.1 h1:b2Gu7/U8tMAjX/P6CR8F/CbCPy3FxeRYsu8xyRH2SP4=
github.com/moov-io/ach v1.63.1/go.mod h1:4HkxouEmH0bvdQL5rEz9r5Z4cFBAGkvSCe30ScmTN5c=
github.com/moov-io/ach v1.63.2 h1:xJySIjSfy7xHenSS02BGC2elgq5rjNP7UOcawGpUejY=
github.com/moov-io/ach v1.63.2/go.mod h1:4HkxouEmH0bvdQL5rEz9r5Z4cFBAGkvSCe30ScmTN5c=
github.com/moov-io/ach v1.63.3 h1:wp4G8SzMSlVOtdEDLNwwUz/cmlhyV3tYx2W8xf403VU=
github.com/moov-io/ach v1.63.3/go.mod h1:JzBEzArSmQp5kJcQsYnpzA2YF9PbvRgh6cDkJiyGReM=
github.com/moov-io/base v0.61.0 h1:CAAWAewgq0zCESnKUne/1YGtYfvxYxr7vLUKa21hOVk=
github.com/moov-io/base v0.61.0/go.mod h1:ARSrOTripCz/nWDFUhSU8mRhySB3oEwqdhv/DanHzTA=
github.com/moov-io/base v0.61.3 h1:c0Hvy497geIXbCA915YC6P7XxC4iKu7qdSBU2mcOGKA=
github.com/moov-io/base v0.61.3/go.mod h1:t9UWAnoRBDl6cqcZc3g2Cpm1BJzQ0Q+7xqLHyPVk1Gw=
github.com/moov-io/base v0.62.1 h1:nM+RdTWMsWaUd572D/Hitgf+wND6vnfnYjM9MNWLd7g=
github.com/moov-io/base v0.62.1/go.mod h1:Rndo5mNk38K74u6zTA8K5pxpsgmnK7CirAf++zXuWuM=
github.com/moov-io/base v0.63.0 h1:J2dGj5z5X2dbLumWkbCCjM6rWycf/Zfdvk31fHJQjZk=
github.com/moov-io/base v0.63.0/go.mod h1:7lW1P0fiFOrINtS2zoxYtvTgvhdI0EcGSi5J//pIZcY=
github.com/moov-io/iso3166 v0.4.0 h1:WtXIptANC16DrHpbSAt4+itFciCCnA+C6eAi9k7HEsA=
github.com/moov-io/iso3166 v0.4.0/go.mod h1:13ubAoOZNfWzs2fN3x467zg8q982U867Ee+ulqrArlM=
github.com/moov-io/iso4217 v0.3.2 h1:/PNKwvt0LCaDx3r5cQEjIdX6a7PEELWJ8D5thi2jiHU=
github.com/moov-io/iso4217 v0.3.2/go.mod h1:IoD1XWQwCZBhFk9YlfQwvRW3TGlk7IoZX9OEe2PG19M=
github.com/moov-io/iso4217 v0.4.0 h1:+97e9chdg8Cx3kMLmGmvN64+CtmtodPLfUT2PaCXUUE=
github.com/moov-io/iso4217 v0.4.0/go.mod h1:QvQE6pvu9KItHusChPLOJS10EhJnyQpcKHloIqHkQVM=
github.com/moovfinancial/moov-go v0.40.0 h1:QW7aOX3kKvPlEOfQfgZQj9bodz4qkwQ0BcqfEAP1gKQ=
github.com/moovfinancial/moov-go v0.40.0/go.mod h1:hWHrF22Sgrames5ZLXfFykquvhxy+VEfRas6N8O0dGo=
github.com/moovfinancial/moov-go v0.42.0 h1:YEOLJbMjJ99p3ihK0zZMytvpLcEd0NUIEycCBtNqvRY=
github.com/moovfinancial/moov-go v0.42.0/go.mod h1:CMtx8rIJtsxWqrG8cyqek7cLN8VlAzoMiZSMw+sE9I8=
github.com/moovfinancial/moov-go v0.47.6 h1:8wr3wlTr9qGbyG6GwA86LNdp55ROCF5IiVxtYzGuE6k=
github.com/moovfinancial/moov-go v0.47.6/go.mod h1:weVh1xMrbPT2yrtLP5J3mrMyqEpXv4ZWc1mrEG3oWqs=
github.com/moovfinancial/moov-go v0.47.7 h1:GLVSTV8rIZwPoXzRf99jvl/Thbh1Z+6+NFGkrf2PHPY=
github.com/moovfinancial/moov-go v0.47.7/go.mod h1:weVh1xMrbPT2yrtLP5J3mrMyqEpXv4ZWc1mrEG3oWqs=
github.com/moovfinancial/moov-go v0.47.8 h1:3wqkJoR+yAUIBMpYIUuzXfQuG1SpSS5sb7fZniq92bk=
github.com/moovfinancial/moov-go v0.47.8/go.mod h1:cQZJlg5uyu8UUbsY0U0v4MP8/FlbGJr2FvAH3ZDWpG4=
github.com/moovfinancial/moov-go v0.48.0 h1:57aJlpJ4D+b9B6tPLab5FBKCkFzOpjnGZqW+tEDOC2E=
github.com/moovfinancial/moov-go v0.48.0/go.mod h1:342kSdMPFgZRVw7edloY0mAhNGvCGDLpy2PEAVRX5lg=
github.com/moovfinancial/moov-go v0.49.0 h1:lNzFvsfsDvnZ9OV9JQD4jTEAGqJ1g1RlTbw6P8H0eSM=
github.com/moovfinancial/moov-go v0.49.0/go.mod h1:342kSdMPFgZRVw7edloY0mAhNGvCGDLpy2PEAVRX5lg=
github.com/moovfinancial/moov-go v0.49.1 h1:6kNPMkG0bs+VEUVF/znjdyu7Z5yuzmhNQyVRObNANPQ=
github.com/moovfinancial/moov-go v0.49.1/go.mod h1:342kSdMPFgZRVw7edloY0mAhNGvCGDLpy2PEAVRX5lg=
github.com/moovfinancial/moov-go v0.49.2 h1:mrqcFBRVlO3KOI9H9Pf4a7aP9VK/6wrcsTEPpK+hC5s=
github.com/moovfinancial/moov-go v0.49.2/go.mod h1:342kSdMPFgZRVw7edloY0mAhNGvCGDLpy2PEAVRX5lg=
github.com/moovfinancial/moov-go v0.50.0 h1:Uu2Z2a60UOIQ9zKx7S2pYn2ogfASX8b+5sdDojqJ15A=
github.com/moovfinancial/moov-go v0.50.0/go.mod h1:342kSdMPFgZRVw7edloY0mAhNGvCGDLpy2PEAVRX5lg=
github.com/pmezard/go-difflib v1.0.1-0.20181226105442-5d4384ee4fb2 h1:Jamvg5psRIccs7FGNTlIRMkT8wgtp5eCXdBlqhYGL6U=
github.com/pmezard/go-difflib v1.0.1-0.20181226105442-5d4384ee4fb2/go.mod h1:iKH77koFhYxTK1pcRnkKkqfTogsbg7gZNVY4sRDYZ/4=
github.com/rickar/cal/v2 v2.1.27 h1:4vFfbXI9dB1Rb/mHH51xYx36ILWk0Wu8VY0bMnoTMpw=
github.com/rickar/cal/v2 v2.1.27/go.mod h1:/fdlMcx7GjPlIBibMzOM9gMvDBsrK+mOtRXdTzUqV/A=
github.com/rickar/cal/v2 v2.1.28 h1:PLNjsw5YrCMkcE+EtD/wFh0Ys+a4Qp9yN6SKyksVso0=
github.com/rickar/cal/v2 v2.1.28/go.mod h1:/fdlMcx7GjPlIBibMzOM9gMvDBsrK+mOtRXdTzUqV/A=
github.com/rickar/cal/v2 v2.1.29 h1:VDs0S1RZTD7DUbc/pDBdZyTMOQn0uOf5Qjz3sIpaeAU=
github.com/rickar/cal/v2 v2.1.29/go.mod h1:/fdlMcx7GjPlIBibMzOM9gMvDBsrK+mOtRXdTzUqV/A=
github.com/stretchr/testify v1.11.1 h1:7s2iGBzp5EwR7/aIZr8ao5+dra3wiQyKjjFuvgVKu7U=
github.com/stretchr/testify v1.11.1/go.mod h1:wZwfW3scLgRK+23gO65QZefKpKQRnfz6sD981Nm4B6U=
github.com/stretchr/testify v1.12.0 h1:K6Mr6jO9JICuend/5xzTM03ydSV3vdNRYAdPSukj8uI=
github.com/stretchr/testify v1.12.0/go.mod h1:bOYBZb5qJ00vPzWfIqBUZPaxK8jWiXc6d3ErP4Ca9Gw=
golang.org/x/exp v0.0.0-20250606033433-dcc06ee1d476 h1:bsqhLWFR6G6xiQcb+JoGqdKdRU6WzPWmK8E0jxTjzo4=
golang.org/x/exp v0.0.0-20250606033433-dcc06ee1d476/go.mod h1:3//PLf8L/X+8b4vuAfHzxeRUl04Adcb341+IGKfnqS8=
golang.org/x/exp v0.0.0-20260529124908-c761662dc8c9 h1:4d4PbuBNwaxMXkXI8yiIYjydtMU+04RHeuSxJdgKftM=
golang.org/x/exp v0.0.0-20260529124908-c761662dc8c9/go.mod h1:d2fgXJLVs4dYDHUk5lwMIfzRzSrWCfGZb0ZqeLa/Vcw=
golang.org/x/net v0.50.0 h1:ucWh9eiCGyDR3vtzso0WMQinm2Dnt8cFMuQa9K33J60=
golang.org/x/net v0.50.0/go.mod h1:UgoSli3F/pBgdJBHCTc+tp3gmrU4XswgGRgtnwWTfyM=
golang.org/x/net v0.57.0 h1:K5+3DljvIuDG9/Jv9rvyMywYNFCQ9RSUY6OOTTkT+tE=
golang.org/x/net v0.57.0/go.mod h1:KpXc8iv+r3XplLAG/f7Jsf9RPszJzdR0f58q9vGOuEU=
golang.org/x/sync v0.19.0 h1:vV+1eWNmZ5geRlYjzm2adRgW2/mcpevXNg50YZtPCE4=
golang.org/x/sync v0.19.0/go.mod h1:9KTHXmSnoGruLpwFjVSX0lNNA75CykiMECbovNTZqGI=
golang.org/x/sync v0.22.0 h1:SZjpbeLmrCk4xhRSZFNZW5gFUeCeFgjekvI/+gfScek=
golang.org/x/sync v0.22.0/go.mod h1:9xrNwdLfx4jkKbNva9FpL6vEN7evnE43NNNJQ2LF3+0=
golang.org/x/text v0.34.0 h1:oL/Qq0Kdaqxa1KbNeMKwQq0reLCCaFtqu2eNuSeNHbk=
golang.org/x/text v0.34.0/go.mod h1:homfLqTYRFyVYemLBFl5GgL/DWEiH5wcsQ5gSh1yziA=
golang.org/x/text v0.40.0 h1:Ub2Z6/xjgF1WrYQz2nuITOEegKFtiIy+rieRJ5lHZKs=
golang.org/x/text v0.40.0/go.mod h1:hpnzDAfGV753zIKo+wk3u1bVKCGPbrnF7+7LBF/UHVY=
golang.org/x/text v0.41.0 h1:vz/seA0lnX87Othu2f/0L24RcgrXD9/YFTSuGjj3rH8=
golang.org/x/text v0.41.0/go.mod h1:jvf1O8ajNzZqhSrQBPbutR/EB83Cc0CFrezNQIwbb5M=
golang.org/x/time v0.14.0 h1:MRx4UaLrDotUKUdCIqzPC48t1Y9hANFKIRpNx+Te8PI=
golang.org/x/time v0.14.0/go.mod h1:eL/Oa2bBBK0TkX57Fyni+NgnyQQN4LitPmob2Hjnqw4=
golang.org/x/time v0.15.0 h1:bbrp8t3bGUeFOx08pvsMYRTCVSMk89u4tKbNOZbp88U=
golang.org/x/time v0.15.0/go.mod h1:Y4YMaQmXwGQZoFaVFk4YpCt4FLQMYKZe9oeV/f4MSno=
gopkg.in/check.v1 v0.0.0-20161208181325-20d25e280405 h1:yhCVgyC4o1eVCa2tZl7eS0r+SDo693bJlVdllGtEeKM=
gopkg.in/check.v1 v0.0.0-20161208181325-20d25e280405/go.mod h1:Co6ibVJAznAaIkqp8huTwlJQCZ016jof/cbN4VW5Yz0=
gopkg.in/yaml.v3 v3.0.1 h1:fxVm/GzAzEWqLHuvctI91KS9hhNmmWOoWu0XTYJS7CA=
gopkg.in/yaml.v3 v3.0.1/go.mod h1:K4uyk7z7BCEPqu6E+C64Yfv1cQ7kz7rIZviUmN+EgEM=
