github.com/davecgh/go-spew v1.1.2-0.20180830191138-d8f796af33cc h1:U9qPSI2PIWSS1VwoXQT9A3Wy9MM3WgvqSxFWenqJduM=
github.com/davecgh/go-spew v1.1.2-0.20180830191138-d8f796af33cc/go.mod h1:J7Y8YcW2NihsgmVo/mv3lAwl/skON4iLHjSsI+c5H38=
github.com/go-faker/faker/v4 v4.6.1 h1:xUyVpAjEtB04l6XFY0V/29oR332rOSPWV4lU8RwDt4k=
github.com/go-faker/faker/v4 v4.6.1/go.mod h1:arSdxNCSt7mOhdk8tEolvHeIJ7eX4OX80wXjKKvkKBY=
github.com/go-jose/go-jose/v4 v4.1.0 h1:cYSYxd3pw5zd2FSXk2vGdn9igQU2PS8MuxrCOCl0FdY=
github.com/go-jose/go-jose/v4 v4.1.0/go.mod h1:GG/vqmYm3Von2nYiB2vGTXzdoNKE5tix5tuc6iAd+sw=
github.com/google/go-cmp v0.7.0 h1:wk8382ETsv4JYUZwIsn6YpYiWiBsYLSJiTsyBybVuN8=
github.com/google/go-cmp v0.7.0/go.mod h1:pXiqmnSA92OHEEa9HXL2W4E7lf9JzCmGVUdgjX3N/iU=
github.com/google/uuid v1.6.0 h1:NIvaJDMOsjHA8n1jAhLSgzrAzy1Hgr+hNrb57e+94F0=
github.com/google/uuid v1.6.0/go.mod h1:TIyPZe4MgqvfeYDBFedMoGGpEw/LqOeaOT+nhxU+yHo=
github.com/igrmk/treemap/v2 v2.0.1 h1:Jhy4z3yhATvYZMWCmxsnHO5NnNZBdueSzvxh6353l+0=
github.com/igrmk/treemap/v2 v2.0.1/go.mod h1:PkTPvx+8OHS8/41jnnyVY+oVsfkaOUZGcr+sfonosd4=
github.com/joho/godotenv v1.5.1 h1:7eLL/+HRGLY0ldzfGMeQkb7vMd0as4CfYvUVzLqw0N0=
github.com/joho/godotenv v1.5.1/go.mod h1:f4LDr5Voq0i2e/R5DDNOoa2zzDfwtkZa6DnEwAbqwq4=
github.com/moov-io/ach v1.50.0 h1:Kag9j386QpNTcpcytH6VKqNcnK2Gl/fRgbMJObx62S0=
github.com/moov-io/ach v1.50.0/go.mod h1:S0n4i6n4cP2k2ond8vJ1Hhajy4exOBZ/hDD/aNsJUg8=
github.com/moov-io/base v0.55.1 h1:bnbphcE7+E4wpK0CYOCuo6KbLKFWyqTGri1yHukMYeM=
github.com/moov-io/base v0.55.1/go.mod h1:Aiq0LQFbE1ha+bAOGxDtnu8ZEGzZorcIK/1jALBPk/E=
github.com/moov-io/iso3166 v0.2.1 h1:kfj6tj6pupSuRB/q8sOSnMtHaAMqZoTx6RRB1Nw/Uzs=
github.com/moov-io/iso3166 v0.2.1/go.mod h1:2fyJk2mvovjij1ya1/9gSuB2li1ZIm9jB2O/YusZQHQ=
github.com/moov-io/iso4217 v0.3.2 h1:/PNKwvt0LCaDx3r5cQEjIdX6a7PEELWJ8D5thi2jiHU=
github.com/moov-io/iso4217 v0.3.2/go.mod h1:IoD1XWQwCZBhFk9YlfQwvRW3TGlk7IoZX9OEe2PG19M=
github.com/moovfinancial/moov-go v0.17.0 h1:37QtyMx2tWbAzQ2ZCYtnHKRsd/cjzh8u+TrfQp40Ccg=
github.com/moovfinancial/moov-go v0.17.0/go.mod h1:kkzhacVNJOrOu1eUMtDWbqtUWw5lCnZzaHxy8NZZccQ=
github.com/moovfinancial/moov-go v0.18.0 h1:yTA+/6dzpsI1xEvXvCDJzu1I3E73STgpCPtTcLgTHqU=
github.com/moovfinancial/moov-go v0.18.0/go.mod h1:kkzhacVNJOrOu1eUMtDWbqtUWw5lCnZzaHxy8NZZccQ=
github.com/moovfinancial/moov-go v0.19.0 h1:ludBcemHZ3ZxplyiP8OCQE3kvjp/CU3pSy/2hVZsRxQ=
github.com/moovfinancial/moov-go v0.19.0/go.mod h1:kkzhacVNJOrOu1eUMtDWbqtUWw5lCnZzaHxy8NZZccQ=
github.com/pmezard/go-difflib v1.0.1-0.20181226105442-5d4384ee4fb2 h1:Jamvg5psRIccs7FGNTlIRMkT8wgtp5eCXdBlqhYGL6U=
github.com/pmezard/go-difflib v1.0.1-0.20181226105442-5d4384ee4fb2/go.mod h1:iKH77koFhYxTK1pcRnkKkqfTogsbg7gZNVY4sRDYZ/4=
github.com/rickar/cal/v2 v2.1.23 h1:uTYRCpZwMKIBIyNhjf+24ukdt3n8JegMZCst4om79FA=
github.com/rickar/cal/v2 v2.1.23/go.mod h1:/fdlMcx7GjPlIBibMzOM9gMvDBsrK+mOtRXdTzUqV/A=
github.com/stretchr/testify v1.10.0 h1:Xv5erBjTwe/5IxqUQTdXv5kgmIvbHo3QQyRwhJsOfJA=
github.com/stretchr/testify v1.10.0/go.mod h1:r2ic/lqez/lEtzL7wO/rwa5dbSLXVDPFyf8C91i36aY=
golang.org/x/exp v0.0.0-20250606033433-dcc06ee1d476 h1:bsqhLWFR6G6xiQcb+JoGqdKdRU6WzPWmK8E0jxTjzo4=
golang.org/x/exp v0.0.0-20250606033433-dcc06ee1d476/go.mod h1:3//PLf8L/X+8b4vuAfHzxeRUl04Adcb341+IGKfnqS8=
golang.org/x/net v0.41.0 h1:vBTly1HeNPEn3wtREYfy4GZ/NECgw2Cnl+nK6Nz3uvw=
golang.org/x/net v0.41.0/go.mod h1:B/K4NNqkfmg07DQYrbwvSluqCJOOXwUjeb/5lOisjbA=
golang.org/x/sync v0.15.0 h1:KWH3jNZsfyT6xfAfKiz6MRNmd46ByHDYaZ7KSkCtdW8=
golang.org/x/sync v0.15.0/go.mod h1:1dzgHSNfp02xaA81J2MS99Qcpr2w7fw1gpm99rleRqA=
golang.org/x/text v0.26.0 h1:P42AVeLghgTYr4+xUnTRKDMqpar+PtX7KWuNQL21L8M=
golang.org/x/text v0.26.0/go.mod h1:QK15LZJUUQVJxhz7wXgxSy/CJaTFjd0G+YLonydOVQA=
gopkg.in/check.v1 v0.0.0-20161208181325-20d25e280405 h1:yhCVgyC4o1eVCa2tZl7eS0r+SDo693bJlVdllGtEeKM=
gopkg.in/check.v1 v0.0.0-20161208181325-20d25e280405/go.mod h1:Co6ibVJAznAaIkqp8huTwlJQCZ016jof/cbN4VW5Yz0=
gopkg.in/yaml.v3 v3.0.1 h1:fxVm/GzAzEWqLHuvctI91KS9hhNmmWOoWu0XTYJS7CA=
gopkg.in/yaml.v3 v3.0.1/go.mod h1:K4uyk7z7BCEPqu6E+C64Yfv1cQ7kz7rIZviUmN+EgEM=
